{
    "name": "LandingPage",
    "version": "1.0.0",
    "description": "My freehand Landing Page",
    "main": "index.js",
    "scripts": {
        "test": "echo \"Error: No test specified\" && exit 1",
        "sass": "sass styles/style.scss styles/style.css",
        "sass-watch": "sass --watch styles/style.scss:styles/style.css"
    },
    "repository": {
        "type": "git",
        "url": "git+ https://github.com/AlexRedov/LandingPage"
    },
    "author": "AlexandrKrasnov",
    "dependencies": {}
}
